
Microsoft Visual Studio Solution File, Format Version 12.00
# Visual Studio Version 16
VisualStudioVersion = 16.0.32106.194
MinimumVisualStudioVersion = 10.0.40219.1
Project("{FAE04EC0-301F-11D3-BF4B-00C04F79EFBC}") = "WebAPI", "WebAPI\WebAPI.csproj", "{37EFD8C3-788F-4DFE-8B0F-D5CA1BE03637}"
EndProject
Global
	GlobalSection(SolutionConfigurationPlatforms) = preSolution
		Debug|Any CPU = Debug|Any CPU
		Release|Any CPU = Release|Any CPU
	EndGlobalSection
	GlobalSection(ProjectConfigurationPlatforms) = postSolution
		{37EFD8C3-788F-4DFE-8B0F-D5CA1BE03637}.Debug|Any CPU.ActiveCfg = Debug|Any CPU
		{37EFD8C3-788F-4DFE-8B0F-D5CA1BE03637}.Debug|Any CPU.Build.0 = Debug|Any CPU
		{37EFD8C3-788F-4DFE-8B0F-D5CA1BE03637}.Release|Any CPU.ActiveCfg = Release|Any CPU
		{37EFD8C3-788F-4DFE-8B0F-D5CA1BE03637}.Release|Any CPU.Build.0 = Release|Any CPU
	EndGlobalSection
	GlobalSection(SolutionProperties) = preSolution
		HideSolutionNode = FALSE
	EndGlobalSection
	GlobalSection(ExtensibilityGlobals) = postSolution
		SolutionGuid = {18C01226-A26D-4046-8F3E-675BC1C35970}
	EndGlobalSection
EndGlobal
